
Microsoft Visual Studio Solution File, Format Version 12.00
# Visual Studio Version 17
VisualStudioVersion = 17.5.33502.453
MinimumVisualStudioVersion = 10.0.40219.1
Project("{FAE04EC0-301F-11D3-BF4B-00C04F79EFBC}") = "Tennis", "Tennis\Tennis.csproj", "{934A00DD-7C21-4993-8BE2-5C3CBD2824BD}"
EndProject
Project("{FAE04EC0-301F-11D3-BF4B-00C04F79EFBC}") = "Tennis.DataAccess", "Tennis.DataAccess\Tennis.DataAccess.csproj", "{BD6EA6FA-7B23-4B67-ADD0-CABA2B36F616}"
EndProject
Global
	GlobalSection(SolutionConfigurationPlatforms) = preSolution
		Debug|Any CPU = Debug|Any CPU
		Release|Any CPU = Release|Any CPU
	EndGlobalSection
	GlobalSection(ProjectConfigurationPlatforms) = postSolution
		{934A00DD-7C21-4993-8BE2-5C3CBD2824BD}.Debug|Any CPU.ActiveCfg = Debug|Any CPU
		{934A00DD-7C21-4993-8BE2-5C3CBD2824BD}.Debug|Any CPU.Build.0 = Debug|Any CPU
		{934A00DD-7C21-4993-8BE2-5C3CBD2824BD}.Release|Any CPU.ActiveCfg = Release|Any CPU
		{934A00DD-7C21-4993-8BE2-5C3CBD2824BD}.Release|Any CPU.Build.0 = Release|Any CPU
		{BD6EA6FA-7B23-4B67-ADD0-CABA2B36F616}.Debug|Any CPU.ActiveCfg = Debug|Any CPU
		{BD6EA6FA-7B23-4B67-ADD0-CABA2B36F616}.Debug|Any CPU.Build.0 = Debug|Any CPU
		{BD6EA6FA-7B23-4B67-ADD0-CABA2B36F616}.Release|Any CPU.ActiveCfg = Release|Any CPU
		{BD6EA6FA-7B23-4B67-ADD0-CABA2B36F616}.Release|Any CPU.Build.0 = Release|Any CPU
	EndGlobalSection
	GlobalSection(SolutionProperties) = preSolution
		HideSolutionNode = FALSE
	EndGlobalSection
	GlobalSection(ExtensibilityGlobals) = postSolution
		SolutionGuid = {8BA2C093-38D0-4357-89F5-EC870879B2A5}
	EndGlobalSection
EndGlobal
